{
	"name": "garax-server",
	"version": "1.0.0",
	"lockfileVersion": 3,
	"requires": true,
	"packages": {
		"": {
			"name": "garax-server",
			"version": "1.0.0",
			"license": "MIT",
			"dependencies": {
				"garax-server": "file:"
			},
			"devDependencies": {}
		},
		"node_modules/garax-server": {
			"resolved": "",
			"link": true
		}
	}
}
